
Microsoft Visual Studio Solution File, Format Version 12.00
# Visual Studio 15
VisualStudioVersion = 15.0.27428.2037
MinimumVisualStudioVersion = 10.0.40219.1
Project("{FAE04EC0-301F-11D3-BF4B-00C04F79EFBC}") = "FilesharingServer", "FilesharingServer\FilesharingServer.csproj", "{129D2573-BCDF-464B-B599-B70BE8FF89CE}"
EndProject
Global
	GlobalSection(SolutionConfigurationPlatforms) = preSolution
		Debug|Any CPU = Debug|Any CPU
		Release|Any CPU = Release|Any CPU
	EndGlobalSection
	GlobalSection(ProjectConfigurationPlatforms) = postSolution
		{129D2573-BCDF-464B-B599-B70BE8FF89CE}.Debug|Any CPU.ActiveCfg = Debug|Any CPU
		{129D2573-BCDF-464B-B599-B70BE8FF89CE}.Debug|Any CPU.Build.0 = Debug|Any CPU
		{129D2573-BCDF-464B-B599-B70BE8FF89CE}.Release|Any CPU.ActiveCfg = Release|Any CPU
		{129D2573-BCDF-464B-B599-B70BE8FF89CE}.Release|Any CPU.Build.0 = Release|Any CPU
	EndGlobalSection
	GlobalSection(SolutionProperties) = preSolution
		HideSolutionNode = FALSE
	EndGlobalSection
	GlobalSection(ExtensibilityGlobals) = postSolution
		SolutionGuid = {648F92A9-2ED9-4ACB-A92D-AC8D210583C0}
	EndGlobalSection
EndGlobal
